
Microsoft Visual Studio Solution File, Format Version 12.00
# Visual Studio Version 17
VisualStudioVersion = 17.3.32825.248
MinimumVisualStudioVersion = 10.0.40219.1
Project("{FAE04EC0-301F-11D3-BF4B-00C04F79EFBC}") = "PFinalTienda", "PFinalTienda\PFinalTienda.csproj", "{4BAC45D5-82A5-4D3F-B817-A0694E38D519}"
EndProject
Project("{FAE04EC0-301F-11D3-BF4B-00C04F79EFBC}") = "ServicioW", "ServicioW\ServicioW.csproj", "{D2F6B298-7AC1-4774-88DB-B769DE954392}"
EndProject
Project("{FAE04EC0-301F-11D3-BF4B-00C04F79EFBC}") = "ConsolaParaProbarMetodos", "ConsolaParaProbarMetodos\ConsolaParaProbarMetodos.csproj", "{2FAE2BD6-1948-4E82-83EE-A1392639806C}"
	ProjectSection(ProjectDependencies) = postProject
		{D2F6B298-7AC1-4774-88DB-B769DE954392} = {D2F6B298-7AC1-4774-88DB-B769DE954392}
	EndProjectSection
EndProject
Global
	GlobalSection(SolutionConfigurationPlatforms) = preSolution
		Debug|Any CPU = Debug|Any CPU
		Release|Any CPU = Release|Any CPU
	EndGlobalSection
	GlobalSection(ProjectConfigurationPlatforms) = postSolution
		{4BAC45D5-82A5-4D3F-B817-A0694E38D519}.Debug|Any CPU.ActiveCfg = Debug|Any CPU
		{4BAC45D5-82A5-4D3F-B817-A0694E38D519}.Debug|Any CPU.Build.0 = Debug|Any CPU
		{4BAC45D5-82A5-4D3F-B817-A0694E38D519}.Release|Any CPU.ActiveCfg = Release|Any CPU
		{4BAC45D5-82A5-4D3F-B817-A0694E38D519}.Release|Any CPU.Build.0 = Release|Any CPU
		{D2F6B298-7AC1-4774-88DB-B769DE954392}.Debug|Any CPU.ActiveCfg = Debug|Any CPU
		{D2F6B298-7AC1-4774-88DB-B769DE954392}.Debug|Any CPU.Build.0 = Debug|Any CPU
		{D2F6B298-7AC1-4774-88DB-B769DE954392}.Release|Any CPU.ActiveCfg = Release|Any CPU
		{D2F6B298-7AC1-4774-88DB-B769DE954392}.Release|Any CPU.Build.0 = Release|Any CPU
		{2FAE2BD6-1948-4E82-83EE-A1392639806C}.Debug|Any CPU.ActiveCfg = Debug|Any CPU
		{2FAE2BD6-1948-4E82-83EE-A1392639806C}.Debug|Any CPU.Build.0 = Debug|Any CPU
		{2FAE2BD6-1948-4E82-83EE-A1392639806C}.Release|Any CPU.ActiveCfg = Release|Any CPU
		{2FAE2BD6-1948-4E82-83EE-A1392639806C}.Release|Any CPU.Build.0 = Release|Any CPU
	EndGlobalSection
	GlobalSection(SolutionProperties) = preSolution
		HideSolutionNode = FALSE
	EndGlobalSection
	GlobalSection(ExtensibilityGlobals) = postSolution
		SolutionGuid = {6857EAC2-ACA7-4387-AB05-AF3E88D610FB}
	EndGlobalSection
EndGlobal
